
Microsoft Visual Studio Solution File, Format Version 12.00
# Visual Studio Version 16
VisualStudioVersion = 16.0.31205.134
MinimumVisualStudioVersion = 10.0.40219.1
Project("{FAE04EC0-301F-11D3-BF4B-00C04F79EFBC}") = "ConsoleApp1", "ConsoleApp1\ConsoleApp1.csproj", "{ECB9D267-BEE4-47FC-BC98-BDE5CB4DE92A}"
EndProject
Global
	GlobalSection(SolutionConfigurationPlatforms) = preSolution
		Debug|Any CPU = Debug|Any CPU
		Release|Any CPU = Release|Any CPU
	EndGlobalSection
	GlobalSection(ProjectConfigurationPlatforms) = postSolution
		{ECB9D267-BEE4-47FC-BC98-BDE5CB4DE92A}.Debug|Any CPU.ActiveCfg = Debug|Any CPU
		{ECB9D267-BEE4-47FC-BC98-BDE5CB4DE92A}.Debug|Any CPU.Build.0 = Debug|Any CPU
		{ECB9D267-BEE4-47FC-BC98-BDE5CB4DE92A}.Release|Any CPU.ActiveCfg = Release|Any CPU
		{ECB9D267-BEE4-47FC-BC98-BDE5CB4DE92A}.Release|Any CPU.Build.0 = Release|Any CPU
	EndGlobalSection
	GlobalSection(SolutionProperties) = preSolution
		HideSolutionNode = FALSE
	EndGlobalSection
	GlobalSection(ExtensibilityGlobals) = postSolution
		SolutionGuid = {001B2F23-DD84-4BD5-811E-1F57C1B9F3B5}
	EndGlobalSection
EndGlobal
