
Microsoft Visual Studio Solution File, Format Version 12.00
# Visual Studio Version 16
VisualStudioVersion = 16.0.31129.286
MinimumVisualStudioVersion = 10.0.40219.1
Project("{9A19103F-16F7-4668-BE54-9A1E7A4F7556}") = "Test3 App", "Test3 App\Test3 App.csproj", "{7DDC2568-AA69-4F3C-8789-3197DA541618}"
EndProject
Project("{FAE04EC0-301F-11D3-BF4B-00C04F79EFBC}") = "BullCow", "..\BullCow\BullCow.csproj", "{8161287C-12F6-462B-8C53-1BCB546382CA}"
EndProject
Global
	GlobalSection(SolutionConfigurationPlatforms) = preSolution
		Debug|Any CPU = Debug|Any CPU
		Release|Any CPU = Release|Any CPU
	EndGlobalSection
	GlobalSection(ProjectConfigurationPlatforms) = postSolution
		{7DDC2568-AA69-4F3C-8789-3197DA541618}.Debug|Any CPU.ActiveCfg = Debug|Any CPU
		{7DDC2568-AA69-4F3C-8789-3197DA541618}.Debug|Any CPU.Build.0 = Debug|Any CPU
		{7DDC2568-AA69-4F3C-8789-3197DA541618}.Release|Any CPU.ActiveCfg = Release|Any CPU
		{7DDC2568-AA69-4F3C-8789-3197DA541618}.Release|Any CPU.Build.0 = Release|Any CPU
		{8161287C-12F6-462B-8C53-1BCB546382CA}.Debug|Any CPU.ActiveCfg = Debug|Any CPU
		{8161287C-12F6-462B-8C53-1BCB546382CA}.Debug|Any CPU.Build.0 = Debug|Any CPU
		{8161287C-12F6-462B-8C53-1BCB546382CA}.Release|Any CPU.ActiveCfg = Release|Any CPU
		{8161287C-12F6-462B-8C53-1BCB546382CA}.Release|Any CPU.Build.0 = Release|Any CPU
	EndGlobalSection
	GlobalSection(SolutionProperties) = preSolution
		HideSolutionNode = FALSE
	EndGlobalSection
	GlobalSection(ExtensibilityGlobals) = postSolution
		SolutionGuid = {B69BCBE1-8707-4AC0-A83F-B7E0B5F158B4}
	EndGlobalSection
EndGlobal
