
Microsoft Visual Studio Solution File, Format Version 12.00
# Visual Studio Version 16
VisualStudioVersion = 16.0.31205.134
MinimumVisualStudioVersion = 10.0.40219.1
Project("{FAE04EC0-301F-11D3-BF4B-00C04F79EFBC}") = "FirstConsoleApplication", "FirstConsoleApplication\FirstConsoleApplication.csproj", "{A2C7C142-4A65-4093-89FC-AC33A308ACCB}"
EndProject
Global
	GlobalSection(SolutionConfigurationPlatforms) = preSolution
		Debug|Any CPU = Debug|Any CPU
		Release|Any CPU = Release|Any CPU
	EndGlobalSection
	GlobalSection(ProjectConfigurationPlatforms) = postSolution
		{A2C7C142-4A65-4093-89FC-AC33A308ACCB}.Debug|Any CPU.ActiveCfg = Debug|Any CPU
		{A2C7C142-4A65-4093-89FC-AC33A308ACCB}.Debug|Any CPU.Build.0 = Debug|Any CPU
		{A2C7C142-4A65-4093-89FC-AC33A308ACCB}.Release|Any CPU.ActiveCfg = Release|Any CPU
		{A2C7C142-4A65-4093-89FC-AC33A308ACCB}.Release|Any CPU.Build.0 = Release|Any CPU
	EndGlobalSection
	GlobalSection(SolutionProperties) = preSolution
		HideSolutionNode = FALSE
	EndGlobalSection
	GlobalSection(ExtensibilityGlobals) = postSolution
		SolutionGuid = {ADDAC96D-2C2C-4A03-9631-7439A253D57F}
	EndGlobalSection
EndGlobal
